<?xml version="1.0" encoding="utf-8"?>
<Project ToolsVersion="4.0" xmlns="http://schemas.microsoft.com/developer/msbuild/2003">
  <ItemGroup>
    <Filter Include="소스 파일">
      <UniqueIdentifier>{4FC737F1-C7A5-4376-A066-2A32D752A2FF}</UniqueIdentifier>
      <Extensions>cpp;c;cc;cxx;def;odl;idl;hpj;bat;asm;asmx</Extensions>
    </Filter>
    <Filter Include="헤더 파일">
      <UniqueIdentifier>{93995380-89BD-4b04-88EB-625FBE52EBFB}</UniqueIdentifier>
      <Extensions>h;hh;hpp;hxx;hm;inl;inc;ipp;xsd</Extensions>
    </Filter>
    <Filter Include="리소스 파일">
      <UniqueIdentifier>{67DA6AB6-F800-4c08-8B7A-83BB121AAD01}</UniqueIdentifier>
      <Extensions>rc;ico;cur;bmp;dlg;rc2;rct;bin;rgs;gif;jpg;jpeg;jpe;resx;tiff;tif;png;wav;mfcribbon-ms</Extensions>
    </Filter>
    <Filter Include="소스 파일\States">
      <UniqueIdentifier>{918decd2-b7ee-4989-8a5e-c0e7f8cdb7e7}</UniqueIdentifier>
    </Filter>
  </ItemGroup>
  <ItemGroup>
    <ClInclude Include="..\..\Chapter 7\Map.h">
      <Filter>소스 파일</Filter>
    </ClInclude>
    <ClInclude Include="..\..\Chapter 7\Anim_Base.h">
      <Filter>소스 파일</Filter>
    </ClInclude>
    <ClInclude Include="..\..\Chapter 7\Anim_Directional.h">
      <Filter>소스 파일</Filter>
    </ClInclude>
    <ClInclude Include="..\..\Chapter 7\Direction.h">
      <Filter>소스 파일</Filter>
    </ClInclude>
    <ClInclude Include="..\..\Chapter 7\EventManager.h">
      <Filter>소스 파일</Filter>
    </ClInclude>
    <ClInclude Include="..\..\Chapter 7\Game.h">
      <Filter>소스 파일</Filter>
    </ClInclude>
    <ClInclude Include="..\..\Chapter 7\ResourceManager.h">
      <Filter>소스 파일</Filter>
    </ClInclude>
    <ClInclude Include="..\..\Chapter 7\SpriteSheet.h">
      <Filter>소스 파일</Filter>
    </ClInclude>
    <ClInclude Include="..\..\Chapter 7\StateManager.h">
      <Filter>소스 파일</Filter>
    </ClInclude>
    <ClInclude Include="..\..\Chapter 7\TextureManager.h">
      <Filter>소스 파일</Filter>
    </ClInclude>
    <ClInclude Include="..\..\Chapter 7\Utilities.h">
      <Filter>소스 파일</Filter>
    </ClInclude>
    <ClInclude Include="..\..\Chapter 7\Window.h">
      <Filter>소스 파일</Filter>
    </ClInclude>
    <ClInclude Include="..\..\Chapter 7\BaseState.h">
      <Filter>소스 파일\States</Filter>
    </ClInclude>
    <ClInclude Include="..\..\Chapter 7\State_Game.h">
      <Filter>소스 파일\States</Filter>
    </ClInclude>
    <ClInclude Include="..\..\Chapter 7\State_Intro.h">
      <Filter>소스 파일\States</Filter>
    </ClInclude>
    <ClInclude Include="..\..\Chapter 7\State_MainMenu.h">
      <Filter>소스 파일\States</Filter>
    </ClInclude>
    <ClInclude Include="..\..\Chapter 7\State_Paused.h">
      <Filter>소스 파일\States</Filter>
    </ClInclude>
  </ItemGroup>
  <ItemGroup>
    <ClCompile Include="..\..\Chapter 7\Anim_Base.cpp">
      <Filter>소스 파일</Filter>
    </ClCompile>
    <ClCompile Include="..\..\Chapter 7\Anim_Directional.cpp">
      <Filter>소스 파일</Filter>
    </ClCompile>
    <ClCompile Include="..\..\Chapter 7\EventManager.cpp">
      <Filter>소스 파일</Filter>
    </ClCompile>
    <ClCompile Include="..\..\Chapter 7\Game.cpp">
      <Filter>소스 파일</Filter>
    </ClCompile>
    <ClCompile Include="..\..\Chapter 7\Main.cpp">
      <Filter>소스 파일</Filter>
    </ClCompile>
    <ClCompile Include="..\..\Chapter 7\SpriteSheet.cpp">
      <Filter>소스 파일</Filter>
    </ClCompile>
    <ClCompile Include="..\..\Chapter 7\StateManager.cpp">
      <Filter>소스 파일</Filter>
    </ClCompile>
    <ClCompile Include="..\..\Chapter 7\Window.cpp">
      <Filter>소스 파일</Filter>
    </ClCompile>
    <ClCompile Include="..\..\Chapter 7\State_Game.cpp">
      <Filter>소스 파일\States</Filter>
    </ClCompile>
    <ClCompile Include="..\..\Chapter 7\State_Intro.cpp">
      <Filter>소스 파일\States</Filter>
    </ClCompile>
    <ClCompile Include="..\..\Chapter 7\State_MainMenu.cpp">
      <Filter>소스 파일\States</Filter>
    </ClCompile>
    <ClCompile Include="..\..\Chapter 7\State_Paused.cpp">
      <Filter>소스 파일\States</Filter>
    </ClCompile>
    <ClCompile Include="..\..\Chapter 7\Map.cpp">
      <Filter>소스 파일</Filter>
    </ClCompile>
  </ItemGroup>
</Project>