<?xml version="1.0" encoding="utf-8"?>
<Project ToolsVersion="4.0" xmlns="http://schemas.microsoft.com/developer/msbuild/2003">
  <ItemGroup>
    <Filter Include="소스 파일">
      <UniqueIdentifier>{4FC737F1-C7A5-4376-A066-2A32D752A2FF}</UniqueIdentifier>
      <Extensions>cpp;c;cc;cxx;def;odl;idl;hpj;bat;asm;asmx</Extensions>
    </Filter>
    <Filter Include="헤더 파일">
      <UniqueIdentifier>{93995380-89BD-4b04-88EB-625FBE52EBFB}</UniqueIdentifier>
      <Extensions>h;hh;hpp;hxx;hm;inl;inc;ipp;xsd</Extensions>
    </Filter>
    <Filter Include="리소스 파일">
      <UniqueIdentifier>{67DA6AB6-F800-4c08-8B7A-83BB121AAD01}</UniqueIdentifier>
      <Extensions>rc;ico;cur;bmp;dlg;rc2;rct;bin;rgs;gif;jpg;jpeg;jpe;resx;tiff;tif;png;wav;mfcribbon-ms</Extensions>
    </Filter>
    <Filter Include="소스 파일\States">
      <UniqueIdentifier>{918decd2-b7ee-4989-8a5e-c0e7f8cdb7e7}</UniqueIdentifier>
    </Filter>
    <Filter Include="소스 파일\Main">
      <UniqueIdentifier>{c4179e90-c208-4c09-a524-477a2eee8391}</UniqueIdentifier>
    </Filter>
    <Filter Include="소스 파일\Managers">
      <UniqueIdentifier>{7f25e61c-4ea4-40c9-aa36-af61145c85cb}</UniqueIdentifier>
    </Filter>
    <Filter Include="소스 파일\Managers\EntityManager">
      <UniqueIdentifier>{6751bf56-88b7-43b0-92b8-ed7928386126}</UniqueIdentifier>
    </Filter>
    <Filter Include="소스 파일\Managers\EntityManager\Entity">
      <UniqueIdentifier>{d3250ce1-71e7-447e-85e7-10aa014200b6}</UniqueIdentifier>
    </Filter>
    <Filter Include="소스 파일\Managers\ResourceManager">
      <UniqueIdentifier>{0cbf11c1-0560-49cd-8042-17a217c18d6c}</UniqueIdentifier>
    </Filter>
    <Filter Include="소스 파일\Managers\ResourceManager\Texture">
      <UniqueIdentifier>{0b4ba11f-00b3-4764-83d0-0dde05f6d657}</UniqueIdentifier>
    </Filter>
  </ItemGroup>
  <ItemGroup>
    <ClInclude Include="..\..\Chapter 7\Map.h">
      <Filter>소스 파일</Filter>
    </ClInclude>
    <ClInclude Include="..\..\Chapter 7\BaseState.h">
      <Filter>소스 파일\States</Filter>
    </ClInclude>
    <ClInclude Include="..\..\Chapter 7\State_Game.h">
      <Filter>소스 파일\States</Filter>
    </ClInclude>
    <ClInclude Include="..\..\Chapter 7\State_Intro.h">
      <Filter>소스 파일\States</Filter>
    </ClInclude>
    <ClInclude Include="..\..\Chapter 7\State_MainMenu.h">
      <Filter>소스 파일\States</Filter>
    </ClInclude>
    <ClInclude Include="..\..\Chapter 7\State_Paused.h">
      <Filter>소스 파일\States</Filter>
    </ClInclude>
    <ClInclude Include="..\..\Chapter 7\Game.h">
      <Filter>소스 파일\Main</Filter>
    </ClInclude>
    <ClInclude Include="..\..\Chapter 7\Window.h">
      <Filter>소스 파일\Main</Filter>
    </ClInclude>
    <ClInclude Include="..\..\Chapter 7\EventManager.h">
      <Filter>소스 파일\Managers</Filter>
    </ClInclude>
    <ClInclude Include="..\..\Chapter 7\StateManager.h">
      <Filter>소스 파일\Managers</Filter>
    </ClInclude>
    <ClInclude Include="..\..\Chapter 7\Anim_Base.h">
      <Filter>소스 파일\Managers\ResourceManager\Texture</Filter>
    </ClInclude>
    <ClInclude Include="..\..\Chapter 7\Anim_Directional.h">
      <Filter>소스 파일\Managers\ResourceManager\Texture</Filter>
    </ClInclude>
    <ClInclude Include="..\..\Chapter 7\Direction.h">
      <Filter>소스 파일\Managers\ResourceManager\Texture</Filter>
    </ClInclude>
    <ClInclude Include="..\..\Chapter 7\SpriteSheet.h">
      <Filter>소스 파일\Managers\ResourceManager\Texture</Filter>
    </ClInclude>
    <ClInclude Include="..\..\Chapter 7\ResourceManager.h">
      <Filter>소스 파일\Managers\ResourceManager</Filter>
    </ClInclude>
    <ClInclude Include="..\..\Chapter 7\TextureManager.h">
      <Filter>소스 파일\Managers\ResourceManager</Filter>
    </ClInclude>
    <ClInclude Include="..\..\Chapter 7\Utilities.h">
      <Filter>소스 파일\Managers\ResourceManager</Filter>
    </ClInclude>
    <ClInclude Include="..\..\Chapter 7\EntityManager.h">
      <Filter>소스 파일\Managers\EntityManager</Filter>
    </ClInclude>
    <ClInclude Include="..\..\Chapter 7\Character.h">
      <Filter>소스 파일\Managers\EntityManager\Entity</Filter>
    </ClInclude>
    <ClInclude Include="..\..\Chapter 7\EntityBase.h">
      <Filter>소스 파일\Managers\EntityManager\Entity</Filter>
    </ClInclude>
    <ClInclude Include="..\..\Chapter 7\Player.h">
      <Filter>소스 파일\Managers\EntityManager\Entity</Filter>
    </ClInclude>
    <ClInclude Include="..\..\Chapter 7\Enemy.h">
      <Filter>소스 파일\Managers\EntityManager\Entity</Filter>
    </ClInclude>
  </ItemGroup>
  <ItemGroup>
    <ClCompile Include="..\..\Chapter 7\State_Game.cpp">
      <Filter>소스 파일\States</Filter>
    </ClCompile>
    <ClCompile Include="..\..\Chapter 7\State_Intro.cpp">
      <Filter>소스 파일\States</Filter>
    </ClCompile>
    <ClCompile Include="..\..\Chapter 7\State_MainMenu.cpp">
      <Filter>소스 파일\States</Filter>
    </ClCompile>
    <ClCompile Include="..\..\Chapter 7\State_Paused.cpp">
      <Filter>소스 파일\States</Filter>
    </ClCompile>
    <ClCompile Include="..\..\Chapter 7\Map.cpp">
      <Filter>소스 파일</Filter>
    </ClCompile>
    <ClCompile Include="..\..\Chapter 7\Main.cpp">
      <Filter>소스 파일\Main</Filter>
    </ClCompile>
    <ClCompile Include="..\..\Chapter 7\Game.cpp">
      <Filter>소스 파일\Main</Filter>
    </ClCompile>
    <ClCompile Include="..\..\Chapter 7\Window.cpp">
      <Filter>소스 파일\Main</Filter>
    </ClCompile>
    <ClCompile Include="..\..\Chapter 7\EventManager.cpp">
      <Filter>소스 파일\Managers</Filter>
    </ClCompile>
    <ClCompile Include="..\..\Chapter 7\StateManager.cpp">
      <Filter>소스 파일\Managers</Filter>
    </ClCompile>
    <ClCompile Include="..\..\Chapter 7\Anim_Base.cpp">
      <Filter>소스 파일\Managers\ResourceManager\Texture</Filter>
    </ClCompile>
    <ClCompile Include="..\..\Chapter 7\Anim_Directional.cpp">
      <Filter>소스 파일\Managers\ResourceManager\Texture</Filter>
    </ClCompile>
    <ClCompile Include="..\..\Chapter 7\SpriteSheet.cpp">
      <Filter>소스 파일\Managers\ResourceManager\Texture</Filter>
    </ClCompile>
    <ClCompile Include="..\..\Chapter 7\EntityManager.cpp">
      <Filter>소스 파일\Managers\EntityManager</Filter>
    </ClCompile>
    <ClCompile Include="..\..\Chapter 7\Character.cpp">
      <Filter>소스 파일\Managers\EntityManager\Entity</Filter>
    </ClCompile>
    <ClCompile Include="..\..\Chapter 7\EntityBase.cpp">
      <Filter>소스 파일\Managers\EntityManager\Entity</Filter>
    </ClCompile>
    <ClCompile Include="..\..\Chapter 7\Player.cpp">
      <Filter>소스 파일\Managers\EntityManager\Entity</Filter>
    </ClCompile>
    <ClCompile Include="..\..\Chapter 7\Enemy.cpp">
      <Filter>소스 파일\Managers\EntityManager\Entity</Filter>
    </ClCompile>
  </ItemGroup>
</Project>