<?xml version="1.0" encoding="utf-8"?>
<Project ToolsVersion="4.0" xmlns="http://schemas.microsoft.com/developer/msbuild/2003">
  <ItemGroup>
    <Filter Include="소스 파일">
      <UniqueIdentifier>{4FC737F1-C7A5-4376-A066-2A32D752A2FF}</UniqueIdentifier>
      <Extensions>cpp;c;cc;cxx;def;odl;idl;hpj;bat;asm;asmx</Extensions>
    </Filter>
    <Filter Include="헤더 파일">
      <UniqueIdentifier>{93995380-89BD-4b04-88EB-625FBE52EBFB}</UniqueIdentifier>
      <Extensions>h;hh;hpp;hxx;hm;inl;inc;ipp;xsd</Extensions>
    </Filter>
    <Filter Include="리소스 파일">
      <UniqueIdentifier>{67DA6AB6-F800-4c08-8B7A-83BB121AAD01}</UniqueIdentifier>
      <Extensions>rc;ico;cur;bmp;dlg;rc2;rct;bin;rgs;gif;jpg;jpeg;jpe;resx;tiff;tif;png;wav;mfcribbon-ms</Extensions>
    </Filter>
    <Filter Include="소스 파일\Components">
      <UniqueIdentifier>{052eefaf-ce00-4020-9614-0ccc81578678}</UniqueIdentifier>
    </Filter>
    <Filter Include="소스 파일\Systems">
      <UniqueIdentifier>{ce7bb212-1afe-4a72-b1a7-30b7a6ef2df8}</UniqueIdentifier>
    </Filter>
    <Filter Include="소스 파일\Main">
      <UniqueIdentifier>{c4179e90-c208-4c09-a524-477a2eee8391}</UniqueIdentifier>
    </Filter>
    <Filter Include="소스 파일\Managers">
      <UniqueIdentifier>{7be16552-c028-4493-a9b6-36dad9d94e1a}</UniqueIdentifier>
    </Filter>
    <Filter Include="소스 파일\Message Handler">
      <UniqueIdentifier>{67786941-4fe2-45bd-ad55-1dc555184555}</UniqueIdentifier>
    </Filter>
    <Filter Include="소스 파일\Components\Sprite Sheet">
      <UniqueIdentifier>{8175c86d-50d5-4cbb-a763-ecf2f24292bc}</UniqueIdentifier>
    </Filter>
    <Filter Include="소스 파일\Components\Sprite Sheet\Animation">
      <UniqueIdentifier>{529a7ade-9eb5-40a1-805b-067db26658ec}</UniqueIdentifier>
    </Filter>
  </ItemGroup>
  <ItemGroup>
    <ClInclude Include="..\..\Chapter 7\Game.h">
      <Filter>소스 파일\Main</Filter>
    </ClInclude>
    <ClInclude Include="..\..\Chapter 7\Window.h">
      <Filter>소스 파일\Main</Filter>
    </ClInclude>
    <ClInclude Include="..\..\Chapter 8\ECS_Types.h">
      <Filter>소스 파일</Filter>
    </ClInclude>
    <ClInclude Include="..\..\Chapter 8\Bitmask.h">
      <Filter>소스 파일</Filter>
    </ClInclude>
    <ClInclude Include="..\..\Chapter 8\EventQueue.h">
      <Filter>소스 파일</Filter>
    </ClInclude>
    <ClInclude Include="..\..\Chapter 8\C_Base.h">
      <Filter>소스 파일\Components</Filter>
    </ClInclude>
    <ClInclude Include="..\..\Chapter 8\C_Position.h">
      <Filter>소스 파일\Components</Filter>
    </ClInclude>
    <ClInclude Include="..\..\Chapter 8\S_Base.h">
      <Filter>소스 파일\Systems</Filter>
    </ClInclude>
    <ClInclude Include="..\..\Chapter 8\EntityManager.h">
      <Filter>소스 파일\Managers</Filter>
    </ClInclude>
    <ClInclude Include="..\..\Chapter 8\Observer.h">
      <Filter>소스 파일\Message Handler</Filter>
    </ClInclude>
    <ClInclude Include="..\..\Chapter 8\Communicator.h">
      <Filter>소스 파일\Message Handler</Filter>
    </ClInclude>
    <ClInclude Include="..\..\Chapter 8\EntityMessage.h">
      <Filter>소스 파일\Message Handler</Filter>
    </ClInclude>
    <ClInclude Include="..\..\Chapter 8\MessageHandler.h">
      <Filter>소스 파일\Message Handler</Filter>
    </ClInclude>
    <ClInclude Include="..\..\Chapter 8\SystemManager.h">
      <Filter>소스 파일\Managers</Filter>
    </ClInclude>
    <ClInclude Include="..\..\Chapter 8\C_Drawable.h">
      <Filter>소스 파일\Components</Filter>
    </ClInclude>
    <ClInclude Include="..\..\Chapter 8\C_SpriteSheet.h">
      <Filter>소스 파일\Components</Filter>
    </ClInclude>
    <ClInclude Include="..\..\Chapter 8\SpriteSheet.h">
      <Filter>소스 파일\Components\Sprite Sheet</Filter>
    </ClInclude>
    <ClInclude Include="..\..\Chapter 8\Anim_Base.h">
      <Filter>소스 파일\Components\Sprite Sheet\Animation</Filter>
    </ClInclude>
    <ClInclude Include="..\..\Chapter 8\Anim_Directional.h">
      <Filter>소스 파일\Components\Sprite Sheet\Animation</Filter>
    </ClInclude>
    <ClInclude Include="..\..\Chapter 8\Direction.h">
      <Filter>소스 파일\Components\Sprite Sheet\Animation</Filter>
    </ClInclude>
    <ClInclude Include="..\..\Chapter 8\S_Renderer.h">
      <Filter>소스 파일\Systems</Filter>
    </ClInclude>
  </ItemGroup>
  <ItemGroup>
    <ClCompile Include="..\..\Chapter 7\Main.cpp">
      <Filter>소스 파일\Main</Filter>
    </ClCompile>
    <ClCompile Include="..\..\Chapter 7\Game.cpp">
      <Filter>소스 파일\Main</Filter>
    </ClCompile>
    <ClCompile Include="..\..\Chapter 7\Window.cpp">
      <Filter>소스 파일\Main</Filter>
    </ClCompile>
    <ClCompile Include="..\..\Chapter 8\S_Base.cpp">
      <Filter>소스 파일\Systems</Filter>
    </ClCompile>
    <ClCompile Include="..\..\Chapter 8\EntityManager.cpp">
      <Filter>소스 파일\Managers</Filter>
    </ClCompile>
    <ClCompile Include="..\..\Chapter 8\SystemManager.cpp">
      <Filter>소스 파일\Managers</Filter>
    </ClCompile>
    <ClCompile Include="..\..\Chapter 8\SpriteSheet.cpp">
      <Filter>소스 파일\Components\Sprite Sheet</Filter>
    </ClCompile>
    <ClCompile Include="..\..\Chapter 8\Anim_Base.cpp">
      <Filter>소스 파일\Components\Sprite Sheet\Animation</Filter>
    </ClCompile>
    <ClCompile Include="..\..\Chapter 8\Anim_Directional.cpp">
      <Filter>소스 파일\Components\Sprite Sheet\Animation</Filter>
    </ClCompile>
    <ClCompile Include="..\..\Chapter 8\S_Renderer.cpp">
      <Filter>소스 파일\Systems</Filter>
    </ClCompile>
  </ItemGroup>
</Project>